
Microsoft Visual Studio Solution File, Format Version 12.00
# Visual Studio 15
Project("{FAE04EC0-301F-11D3-BF4B-00C04F79EFBC}") = "highfield", "highfield.csproj", "{CC9AD46B-F272-4FEF-99FC-59F8FD3FB209}"
EndProject
Global
	GlobalSection(SolutionConfigurationPlatforms) = preSolution
		Debug|Any CPU = Debug|Any CPU
		Release|Any CPU = Release|Any CPU
	EndGlobalSection
	GlobalSection(ProjectConfigurationPlatforms) = postSolution
		{CC9AD46B-F272-4FEF-99FC-59F8FD3FB209}.Debug|Any CPU.ActiveCfg = Debug|Any CPU
		{CC9AD46B-F272-4FEF-99FC-59F8FD3FB209}.Debug|Any CPU.Build.0 = Debug|Any CPU
		{CC9AD46B-F272-4FEF-99FC-59F8FD3FB209}.Release|Any CPU.ActiveCfg = Release|Any CPU
		{CC9AD46B-F272-4FEF-99FC-59F8FD3FB209}.Release|Any CPU.Build.0 = Release|Any CPU
	EndGlobalSection
EndGlobal
